
Microsoft Visual Studio Solution File, Format Version 12.00
# Visual Studio 15
VisualStudioVersion = 15.0.27004.2009
MinimumVisualStudioVersion = 10.0.40219.1
Project("{FAE04EC0-301F-11D3-BF4B-00C04F79EFBC}") = "BoardGames", "BoardGames\BoardGames.csproj", "{898E7BCF-8D9F-49E7-B7CA-7B3D33319FAE}"
EndProject
Global
	GlobalSection(SolutionConfigurationPlatforms) = preSolution
		Debug|Any CPU = Debug|Any CPU
		Release|Any CPU = Release|Any CPU
	EndGlobalSection
	GlobalSection(ProjectConfigurationPlatforms) = postSolution
		{898E7BCF-8D9F-49E7-B7CA-7B3D33319FAE}.Debug|Any CPU.ActiveCfg = Debug|Any CPU
		{898E7BCF-8D9F-49E7-B7CA-7B3D33319FAE}.Debug|Any CPU.Build.0 = Debug|Any CPU
		{898E7BCF-8D9F-49E7-B7CA-7B3D33319FAE}.Release|Any CPU.ActiveCfg = Release|Any CPU
		{898E7BCF-8D9F-49E7-B7CA-7B3D33319FAE}.Release|Any CPU.Build.0 = Release|Any CPU
	EndGlobalSection
	GlobalSection(SolutionProperties) = preSolution
		HideSolutionNode = FALSE
	EndGlobalSection
	GlobalSection(ExtensibilityGlobals) = postSolution
		SolutionGuid = {08600BB5-2CBA-45DB-B1AD-2D8B5AB50E10}
	EndGlobalSection
EndGlobal
